
Microsoft Visual Studio Solution File, Format Version 12.00
# Visual Studio Version 16
VisualStudioVersion = 16.0.31129.286
MinimumVisualStudioVersion = 10.0.40219.1
Project("{9A19103F-16F7-4668-BE54-9A1E7A4F7556}") = "CertificationCenter", "CertificationCenter\CertificationCenter.csproj", "{29DB62CC-E6F4-482C-A668-6755D0B17CC4}"
EndProject
Project("{9A19103F-16F7-4668-BE54-9A1E7A4F7556}") = "RockyShop", "..\..\RockyShop\RockyShop\RockyShop.csproj", "{6A243773-462D-4F0A-B855-8918049F04EC}"
EndProject
Global
	GlobalSection(SolutionConfigurationPlatforms) = preSolution
		Debug|Any CPU = Debug|Any CPU
		Release|Any CPU = Release|Any CPU
	EndGlobalSection
	GlobalSection(ProjectConfigurationPlatforms) = postSolution
		{29DB62CC-E6F4-482C-A668-6755D0B17CC4}.Debug|Any CPU.ActiveCfg = Debug|Any CPU
		{29DB62CC-E6F4-482C-A668-6755D0B17CC4}.Debug|Any CPU.Build.0 = Debug|Any CPU
		{29DB62CC-E6F4-482C-A668-6755D0B17CC4}.Release|Any CPU.ActiveCfg = Release|Any CPU
		{29DB62CC-E6F4-482C-A668-6755D0B17CC4}.Release|Any CPU.Build.0 = Release|Any CPU
		{6A243773-462D-4F0A-B855-8918049F04EC}.Debug|Any CPU.ActiveCfg = Debug|Any CPU
		{6A243773-462D-4F0A-B855-8918049F04EC}.Debug|Any CPU.Build.0 = Debug|Any CPU
		{6A243773-462D-4F0A-B855-8918049F04EC}.Release|Any CPU.ActiveCfg = Release|Any CPU
		{6A243773-462D-4F0A-B855-8918049F04EC}.Release|Any CPU.Build.0 = Release|Any CPU
	EndGlobalSection
	GlobalSection(SolutionProperties) = preSolution
		HideSolutionNode = FALSE
	EndGlobalSection
	GlobalSection(ExtensibilityGlobals) = postSolution
		SolutionGuid = {76079FF6-365D-4280-829E-E07F798F48AF}
	EndGlobalSection
EndGlobal
